{
  "name": "signal",
  "version": "1.0.0",
  "lockfileVersion": 3,
  "requires": true,
  "packages": {
    "": {
      "name": "signal",
      "version": "1.0.0",
      "license": "ARR",
      "dependencies": {
        "@tmetcalfe89/keychain": "github:tmetcalfe89/keychain"
      }
    },
    "node_modules/@tmetcalfe89/keychain": {
      "version": "1.0.0",
      "resolved": "git+ssh://git@github.com/tmetcalfe89/keychain.git#a0579cbfd55413793beee9a2c1743dd242af2c84",
      "license": "MIT"
    }
  }
}
